// !$*UTF8*$!
{
	archiveVersion = 1;
	classes = {
	};
	objectVersion = 46;
	objects = {

/* Begin PBXBuildFile section */
		770B5ACD1D177FA400D780F2 /* main.m in Sources */ = {isa = PBXBuildFile; fileRef = 770B5ACC1D177FA400D780F2 /* main.m */; };
		770B5AD01D177FA400D780F2 /* AppDelegate.m in Sources */ = {isa = PBXBuildFile; fileRef = 770B5ACF1D177FA400D780F2 /* AppDelegate.m */; };
		770B5AD61D177FA400D780F2 /* Main.storyboard in Resources */ = {isa = PBXBuildFile; fileRef = 770B5AD41D177FA400D780F2 /* Main.storyboard */; };
		770B5AD81D177FA400D780F2 /* Assets.xcassets in Resources */ = {isa = PBXBuildFile; fileRef = 770B5AD71D177FA400D780F2 /* Assets.xcassets */; };
		770B5ADB1D177FA400D780F2 /* LaunchScreen.storyboard in Resources */ = {isa = PBXBuildFile; fileRef = 770B5AD91D177FA400D780F2 /* LaunchScreen.storyboard */; };
		770B5AE61D177FA500D780F2 /* PieChartTests.m in Sources */ = {isa = PBXBuildFile; fileRef = 770B5AE51D177FA500D780F2 /* PieChartTests.m */; };
		770B5AF21D1780E900D780F2 /* HomePageViewController.m in Sources */ = {isa = PBXBuildFile; fileRef = 770B5AF11D1780E900D780F2 /* HomePageViewController.m */; };
		770B5AF61D17815D00D780F2 /* HKPieChartView.m in Sources */ = {isa = PBXBuildFile; fileRef = 770B5AF51D17815D00D780F2 /* HKPieChartView.m */; };
		774E95251D17825F0007F929 /* ShowPieChartViewController.m in Sources */ = {isa = PBXBuildFile; fileRef = 774E95241D17825F0007F929 /* ShowPieChartViewController.m */; };
/* End PBXBuildFile section */

/* Begin PBXContainerItemProxy section */
		770B5AE21D177FA500D780F2 /* PBXContainerItemProxy */ = {
			isa = PBXContainerItemProxy;
			containerPortal = 770B5AC01D177FA400D780F2 /* Project object */;
			proxyType = 1;
			remoteGlobalIDString = 770B5AC71D177FA400D780F2;
			remoteInfo = PieChart;
		};
/* End PBXContainerItemProxy section */

/* Begin PBXFileReference section */
		770B5AC81D177FA400D780F2 /* PieChart.app */ = {isa = PBXFileReference; explicitFileType = wrapper.application; includeInIndex = 0; path = PieChart.app; sourceTree = BUILT_PRODUCTS_DIR; };
		770B5ACC1D177FA400D780F2 /* main.m */ = {isa = PBXFileReference; lastKnownFileType = sourcecode.c.objc; path = main.m; sourceTree = "<group>"; };
		770B5ACE1D177FA400D780F2 /* AppDelegate.h */ = {isa = PBXFileReference; lastKnownFileType = sourcecode.c.h; path = AppDelegate.h; sourceTree = "<group>"; };
		770B5ACF1D177FA400D780F2 /* AppDelegate.m */ = {isa = PBXFileReference; lastKnownFileType = sourcecode.c.objc; path = AppDelegate.m; sourceTree = "<group>"; };
		770B5AD51D177FA400D780F2 /* Base */ = {isa = PBXFileReference; lastKnownFileType = file.storyboard; name = Base; path = Base.lproj/Main.storyboard; sourceTree = "<group>"; };
		770B5AD71D177FA400D780F2 /* Assets.xcassets */ = {isa = PBXFileReference; lastKnownFileType = folder.assetcatalog; path = Assets.xcassets; sourceTree = "<group>"; };
		770B5ADA1D177FA400D780F2 /* Base */ = {isa = PBXFileReference; lastKnownFileType = file.storyboard; name = Base; path = Base.lproj/LaunchScreen.storyboard; sourceTree = "<group>"; };
		770B5ADC1D177FA400D780F2 /* Info.plist */ = {isa = PBXFileReference; lastKnownFileType = text.plist.xml; path = Info.plist; sourceTree = "<group>"; };
		770B5AE11D177FA500D780F2 /* PieChartTests.xctest */ = {isa = PBXFileReference; explicitFileType = wrapper.cfbundle; includeInIndex = 0; path = PieChartTests.xctest; sourceTree = BUILT_PRODUCTS_DIR; };
		770B5AE51D177FA500D780F2 /* PieChartTests.m */ = {isa = PBXFileReference; lastKnownFileType = sourcecode.c.objc; path = PieChartTests.m; sourceTree = "<group>"; };
		770B5AE71D177FA500D780F2 /* Info.plist */ = {isa = PBXFileReference; lastKnownFileType = text.plist.xml; path = Info.plist; sourceTree = "<group>"; };
		770B5AF01D1780E900D780F2 /* HomePageViewController.h */ = {isa = PBXFileReference; fileEncoding = 4; lastKnownFileType = sourcecode.c.h; path = HomePageViewController.h; sourceTree = "<group>"; };
		770B5AF11D1780E900D780F2 /* HomePageViewController.m */ = {isa = PBXFileReference; fileEncoding = 4; lastKnownFileType = sourcecode.c.objc; path = HomePageViewController.m; sourceTree = "<group>"; };
		770B5AF41D17815D00D780F2 /* HKPieChartView.h */ = {isa = PBXFileReference; fileEncoding = 4; lastKnownFileType = sourcecode.c.h; path = HKPieChartView.h; sourceTree = "<group>"; };
		770B5AF51D17815D00D780F2 /* HKPieChartView.m */ = {isa = PBXFileReference; fileEncoding = 4; lastKnownFileType = sourcecode.c.objc; path = HKPieChartView.m; sourceTree = "<group>"; };
		774E95231D17825F0007F929 /* ShowPieChartViewController.h */ = {isa = PBXFileReference; fileEncoding = 4; lastKnownFileType = sourcecode.c.h; path = ShowPieChartViewController.h; sourceTree = "<group>"; };
		774E95241D17825F0007F929 /* ShowPieChartViewController.m */ = {isa = PBXFileReference; fileEncoding = 4; lastKnownFileType = sourcecode.c.objc; path = ShowPieChartViewController.m; sourceTree = "<group>"; };
/* End PBXFileReference section */

/* Begin PBXFrameworksBuildPhase section */
		770B5AC51D177FA400D780F2 /* Frameworks */ = {
			isa = PBXFrameworksBuildPhase;
			buildActionMask = 2147483647;
			files = (
			);
			runOnlyForDeploymentPostprocessing = 0;
		};
		770B5ADE1D177FA500D780F2 /* Frameworks */ = {
			isa = PBXFrameworksBuildPhase;
			buildActionMask = 2147483647;
			files = (
			);
			runOnlyForDeploymentPostprocessing = 0;
		};
/* End PBXFrameworksBuildPhase section */

/* Begin PBXGroup section */
		770B5ABF1D177FA400D780F2 = {
			isa = PBXGroup;
			children = (
				770B5ACA1D177FA400D780F2 /* PieChart */,
				770B5AE41D177FA500D780F2 /* PieChartTests */,
				770B5AC91D177FA400D780F2 /* Products */,
			);
			sourceTree = "<group>";
		};
		770B5AC91D177FA400D780F2 /* Products */ = {
			isa = PBXGroup;
			children = (
				770B5AC81D177FA400D780F2 /* PieChart.app */,
				770B5AE11D177FA500D780F2 /* PieChartTests.xctest */,
			);
			name = Products;
			sourceTree = "<group>";
		};
		770B5ACA1D177FA400D780F2 /* PieChart */ = {
			isa = PBXGroup;
			children = (
				770B5AF31D17814800D780F2 /* HKPieChartView */,
				774E95231D17825F0007F929 /* ShowPieChartViewController.h */,
				774E95241D17825F0007F929 /* ShowPieChartViewController.m */,
				770B5AF01D1780E900D780F2 /* HomePageViewController.h */,
				770B5AF11D1780E900D780F2 /* HomePageViewController.m */,
				770B5ACB1D177FA400D780F2 /* Supporting Files */,
			);
			path = PieChart;
			sourceTree = "<group>";
		};
		770B5ACB1D177FA400D780F2 /* Supporting Files */ = {
			isa = PBXGroup;
			children = (
				770B5AD41D177FA400D780F2 /* Main.storyboard */,
				770B5AD71D177FA400D780F2 /* Assets.xcassets */,
				770B5AD91D177FA400D780F2 /* LaunchScreen.storyboard */,
				770B5ADC1D177FA400D780F2 /* Info.plist */,
				770B5ACE1D177FA400D780F2 /* AppDelegate.h */,
				770B5ACF1D177FA400D780F2 /* AppDelegate.m */,
				770B5ACC1D177FA400D780F2 /* main.m */,
			);
			name = "Supporting Files";
			sourceTree = "<group>";
		};
		770B5AE41D177FA500D780F2 /* PieChartTests */ = {
			isa = PBXGroup;
			children = (
				770B5AE51D177FA500D780F2 /* PieChartTests.m */,
				770B5AE71D177FA500D780F2 /* Info.plist */,
			);
			path = PieChartTests;
			sourceTree = "<group>";
		};
		770B5AF31D17814800D780F2 /* HKPieChartView */ = {
			isa = PBXGroup;
			children = (
				770B5AF41D17815D00D780F2 /* HKPieChartView.h */,
				770B5AF51D17815D00D780F2 /* HKPieChartView.m */,
			);
			path = HKPieChartView;
			sourceTree = "<group>";
		};
/* End PBXGroup section */

/* Begin PBXNativeTarget section */
		770B5AC71D177FA400D780F2 /* PieChart */ = {
			isa = PBXNativeTarget;
			buildConfigurationList = 770B5AEA1D177FA500D780F2 /* Build configuration list for PBXNativeTarget "PieChart" */;
			buildPhases = (
				770B5AC41D177FA400D780F2 /* Sources */,
				770B5AC51D177FA400D780F2 /* Frameworks */,
				770B5AC61D177FA400D780F2 /* Resources */,
			);
			buildRules = (
			);
			dependencies = (
			);
			name = PieChart;
			productName = PieChart;
			productReference = 770B5AC81D177FA400D780F2 /* PieChart.app */;
			productType = "com.apple.product-type.application";
		};
		770B5AE01D177FA500D780F2 /* PieChartTests */ = {
			isa = PBXNativeTarget;
			buildConfigurationList = 770B5AED1D177FA500D780F2 /* Build configuration list for PBXNativeTarget "PieChartTests" */;
			buildPhases = (
				770B5ADD1D177FA500D780F2 /* Sources */,
				770B5ADE1D177FA500D780F2 /* Frameworks */,
				770B5ADF1D177FA500D780F2 /* Resources */,
			);
			buildRules = (
			);
			dependencies = (
				770B5AE31D177FA500D780F2 /* PBXTargetDependency */,
			);
			name = PieChartTests;
			productName = PieChartTests;
			productReference = 770B5AE11D177FA500D780F2 /* PieChartTests.xctest */;
			productType = "com.apple.product-type.bundle.unit-test";
		};
/* End PBXNativeTarget section */

/* Begin PBXProject section */
		770B5AC01D177FA400D780F2 /* Project object */ = {
			isa = PBXProject;
			attributes = {
				LastUpgradeCheck = 0730;
				ORGANIZATIONNAME = HKY;
				TargetAttributes = {
					770B5AC71D177FA400D780F2 = {
						CreatedOnToolsVersion = 7.3.1;
					};
					770B5AE01D177FA500D780F2 = {
						CreatedOnToolsVersion = 7.3.1;
						TestTargetID = 770B5AC71D177FA400D780F2;
					};
				};
			};
			buildConfigurationList = 770B5AC31D177FA400D780F2 /* Build configuration list for PBXProject "PieChart" */;
			compatibilityVersion = "Xcode 3.2";
			developmentRegion = English;
			hasScannedForEncodings = 0;
			knownRegions = (
				en,
				Base,
			);
			mainGroup = 770B5ABF1D177FA400D780F2;
			productRefGroup = 770B5AC91D177FA400D780F2 /* Products */;
			projectDirPath = "";
			projectRoot = "";
			targets = (
				770B5AC71D177FA400D780F2 /* PieChart */,
				770B5AE01D177FA500D780F2 /* PieChartTests */,
			);
		};
/* End PBXProject section */

/* Begin PBXResourcesBuildPhase section */
		770B5AC61D177FA400D780F2 /* Resources */ = {
			isa = PBXResourcesBuildPhase;
			buildActionMask = 2147483647;
			files = (
				770B5ADB1D177FA400D780F2 /* LaunchScreen.storyboard in Resources */,
				770B5AD81D177FA400D780F2 /* Assets.xcassets in Resources */,
				770B5AD61D177FA400D780F2 /* Main.storyboard in Resources */,
			);
			runOnlyForDeploymentPostprocessing = 0;
		};
		770B5ADF1D177FA500D780F2 /* Resources */ = {
			isa = PBXResourcesBuildPhase;
			buildActionMask = 2147483647;
			files = (
			);
			runOnlyForDeploymentPostprocessing = 0;
		};
/* End PBXResourcesBuildPhase section */

/* Begin PBXSourcesBuildPhase section */
		770B5AC41D177FA400D780F2 /* Sources */ = {
			isa = PBXSourcesBuildPhase;
			buildActionMask = 2147483647;
			files = (
				770B5AD01D177FA400D780F2 /* AppDelegate.m in Sources */,
				770B5AF61D17815D00D780F2 /* HKPieChartView.m in Sources */,
				770B5ACD1D177FA400D780F2 /* main.m in Sources */,
				774E95251D17825F0007F929 /* ShowPieChartViewController.m in Sources */,
				770B5AF21D1780E900D780F2 /* HomePageViewController.m in Sources */,
			);
			runOnlyForDeploymentPostprocessing = 0;
		};
		770B5ADD1D177FA500D780F2 /* Sources */ = {
			isa = PBXSourcesBuildPhase;
			buildActionMask = 2147483647;
			files = (
				770B5AE61D177FA500D780F2 /* PieChartTests.m in Sources */,
			);
			runOnlyForDeploymentPostprocessing = 0;
		};
/* End PBXSourcesBuildPhase section */

/* Begin PBXTargetDependency section */
		770B5AE31D177FA500D780F2 /* PBXTargetDependency */ = {
			isa = PBXTargetDependency;
			target = 770B5AC71D177FA400D780F2 /* PieChart */;
			targetProxy = 770B5AE21D177FA500D780F2 /* PBXContainerItemProxy */;
		};
/* End PBXTargetDependency section */

/* Begin PBXVariantGroup section */
		770B5AD41D177FA400D780F2 /* Main.storyboard */ = {
			isa = PBXVariantGroup;
			children = (
				770B5AD51D177FA400D780F2 /* Base */,
			);
			name = Main.storyboard;
			sourceTree = "<group>";
		};
		770B5AD91D177FA400D780F2 /* LaunchScreen.storyboard */ = {
			isa = PBXVariantGroup;
			children = (
				770B5ADA1D177FA400D780F2 /* Base */,
			);
			name = LaunchScreen.storyboard;
			sourceTree = "<group>";
		};
/* End PBXVariantGroup section */

/* Begin XCBuildConfiguration section */
		770B5AE81D177FA500D780F2 /* Debug */ = {
			isa = XCBuildConfiguration;
			buildSettings = {
				ALWAYS_SEARCH_USER_PATHS = NO;
				CLANG_ANALYZER_NONNULL = YES;
				CLANG_CXX_LANGUAGE_STANDARD = "gnu++0x";
				CLANG_CXX_LIBRARY = "libc++";
				CLANG_ENABLE_MODULES = YES;
				CLANG_ENABLE_OBJC_ARC = YES;
				CLANG_WARN_BOOL_CONVERSION = YES;
				CLANG_WARN_CONSTANT_CONVERSION = YES;
				CLANG_WARN_DIRECT_OBJC_ISA_USAGE = YES_ERROR;
				CLANG_WARN_EMPTY_BODY = YES;
				CLANG_WARN_ENUM_CONVERSION = YES;
				CLANG_WARN_INT_CONVERSION = YES;
				CLANG_WARN_OBJC_ROOT_CLASS = YES_ERROR;
				CLANG_WARN_UNREACHABLE_CODE = YES;
				CLANG_WARN__DUPLICATE_METHOD_MATCH = YES;
				"CODE_SIGN_IDENTITY[sdk=iphoneos*]" = "iPhone Developer";
				COPY_PHASE_STRIP = NO;
				DEBUG_INFORMATION_FORMAT = dwarf;
				ENABLE_STRICT_OBJC_MSGSEND = YES;
				ENABLE_TESTABILITY = YES;
				GCC_C_LANGUAGE_STANDARD = gnu99;
				GCC_DYNAMIC_NO_PIC = NO;
				GCC_NO_COMMON_BLOCKS = YES;
				GCC_OPTIMIZATION_LEVEL = 0;
				GCC_PREPROCESSOR_DEFINITIONS = (
					"DEBUG=1",
					"$(inherited)",
				);
				GCC_WARN_64_TO_32_BIT_CONVERSION = YES;
				GCC_WARN_ABOUT_RETURN_TYPE = YES_ERROR;
				GCC_WARN_UNDECLARED_SELECTOR = YES;
				GCC_WARN_UNINITIALIZED_AUTOS = YES_AGGRESSIVE;
				GCC_WARN_UNUSED_FUNCTION = YES;
				GCC_WARN_UNUSED_VARIABLE = YES;
				IPHONEOS_DEPLOYMENT_TARGET = 9.3;
				MTL_ENABLE_DEBUG_INFO = YES;
				ONLY_ACTIVE_ARCH = YES;
				SDKROOT = iphoneos;
			};
			name = Debug;
		};
		770B5AE91D177FA500D780F2 /* Release */ = {
			isa = XCBuildConfiguration;
			buildSettings = {
				ALWAYS_SEARCH_USER_PATHS = NO;
				CLANG_ANALYZER_NONNULL = YES;
				CLANG_CXX_LANGUAGE_STANDARD = "gnu++0x";
				CLANG_CXX_LIBRARY = "libc++";
				CLANG_ENABLE_MODULES = YES;
				CLANG_ENABLE_OBJC_ARC = YES;
				CLANG_WARN_BOOL_CONVERSION = YES;
				CLANG_WARN_CONSTANT_CONVERSION = YES;
				CLANG_WARN_DIRECT_OBJC_ISA_USAGE = YES_ERROR;
				CLANG_WARN_EMPTY_BODY = YES;
				CLANG_WARN_ENUM_CONVERSION = YES;
				CLANG_WARN_INT_CONVERSION = YES;
				CLANG_WARN_OBJC_ROOT_CLASS = YES_ERROR;
				CLANG_WARN_UNREACHABLE_CODE = YES;
				CLANG_WARN__DUPLICATE_METHOD_MATCH = YES;
				"CODE_SIGN_IDENTITY[sdk=iphoneos*]" = "iPhone Developer";
				COPY_PHASE_STRIP = NO;
				DEBUG_INFORMATION_FORMAT = "dwarf-with-dsym";
				ENABLE_NS_ASSERTIONS = NO;
				ENABLE_STRICT_OBJC_MSGSEND = YES;
				GCC_C_LANGUAGE_STANDARD = gnu99;
				GCC_NO_COMMON_BLOCKS = YES;
				GCC_WARN_64_TO_32_BIT_CONVERSION = YES;
				GCC_WARN_ABOUT_RETURN_TYPE = YES_ERROR;
				GCC_WARN_UNDECLARED_SELECTOR = YES;
				GCC_WARN_UNINITIALIZED_AUTOS = YES_AGGRESSIVE;
				GCC_WARN_UNUSED_FUNCTION = YES;
				GCC_WARN_UNUSED_VARIABLE = YES;
				IPHONEOS_DEPLOYMENT_TARGET = 9.3;
				MTL_ENABLE_DEBUG_INFO = NO;
				SDKROOT = iphoneos;
				VALIDATE_PRODUCT = YES;
			};
			name = Release;
		};
		770B5AEB1D177FA500D780F2 /* Debug */ = {
			isa = XCBuildConfiguration;
			buildSettings = {
				ASSETCATALOG_COMPILER_APPICON_NAME = AppIcon;
				INFOPLIST_FILE = PieChart/Info.plist;
				LD_RUNPATH_SEARCH_PATHS = "$(inherited) @executable_path/Frameworks";
				PRODUCT_BUNDLE_IDENTIFIER = com.experiment.PieChart;
				PRODUCT_NAME = "$(TARGET_NAME)";
			};
			name = Debug;
		};
		770B5AEC1D177FA500D780F2 /* Release */ = {
			isa = XCBuildConfiguration;
			buildSettings = {
				ASSETCATALOG_COMPILER_APPICON_NAME = AppIcon;
				INFOPLIST_FILE = PieChart/Info.plist;
				LD_RUNPATH_SEARCH_PATHS = "$(inherited) @executable_path/Frameworks";
				PRODUCT_BUNDLE_IDENTIFIER = com.experiment.PieChart;
				PRODUCT_NAME = "$(TARGET_NAME)";
			};
			name = Release;
		};
		770B5AEE1D177FA500D780F2 /* Debug */ = {
			isa = XCBuildConfiguration;
			buildSettings = {
				BUNDLE_LOADER = "$(TEST_HOST)";
				INFOPLIST_FILE = PieChartTests/Info.plist;
				LD_RUNPATH_SEARCH_PATHS = "$(inherited) @executable_path/Frameworks @loader_path/Frameworks";
				PRODUCT_BUNDLE_IDENTIFIER = com.experiment.PieChartTests;
				PRODUCT_NAME = "$(TARGET_NAME)";
				TEST_HOST = "$(BUILT_PRODUCTS_DIR)/PieChart.app/PieChart";
			};
			name = Debug;
		};
		770B5AEF1D177FA500D780F2 /* Release */ = {
			isa = XCBuildConfiguration;
			buildSettings = {
				BUNDLE_LOADER = "$(TEST_HOST)";
				INFOPLIST_FILE = PieChartTests/Info.plist;
				LD_RUNPATH_SEARCH_PATHS = "$(inherited) @executable_path/Frameworks @loader_path/Frameworks";
				PRODUCT_BUNDLE_IDENTIFIER = com.experiment.PieChartTests;
				PRODUCT_NAME = "$(TARGET_NAME)";
				TEST_HOST = "$(BUILT_PRODUCTS_DIR)/PieChart.app/PieChart";
			};
			name = Release;
		};
/* End XCBuildConfiguration section */

/* Begin XCConfigurationList section */
		770B5AC31D177FA400D780F2 /* Build configuration list for PBXProject "PieChart" */ = {
			isa = XCConfigurationList;
			buildConfigurations = (
				770B5AE81D177FA500D780F2 /* Debug */,
				770B5AE91D177FA500D780F2 /* Release */,
			);
			defaultConfigurationIsVisible = 0;
			defaultConfigurationName = Release;
		};
		770B5AEA1D177FA500D780F2 /* Build configuration list for PBXNativeTarget "PieChart" */ = {
			isa = XCConfigurationList;
			buildConfigurations = (
				770B5AEB1D177FA500D780F2 /* Debug */,
				770B5AEC1D177FA500D780F2 /* Release */,
			);
			defaultConfigurationIsVisible = 0;
			defaultConfigurationName = Release;
		};
		770B5AED1D177FA500D780F2 /* Build configuration list for PBXNativeTarget "PieChartTests" */ = {
			isa = XCConfigurationList;
			buildConfigurations = (
				770B5AEE1D177FA500D780F2 /* Debug */,
				770B5AEF1D177FA500D780F2 /* Release */,
			);
			defaultConfigurationIsVisible = 0;
			defaultConfigurationName = Release;
		};
/* End XCConfigurationList section */
	};
	rootObject = 770B5AC01D177FA400D780F2 /* Project object */;
}
